
Microsoft Visual Studio Solution File, Format Version 12.00
# Visual Studio Version 17
VisualStudioVersion = 17.11.35327.3
MinimumVisualStudioVersion = 10.0.40219.1
Project("{8BC9CEB8-8B4A-11D0-8D11-00A0C91BC942}") = "MathFunctions", "Graphics\Samples\3DMath\DX12Object\DX12Object.vcxproj", "{39D6898C-B2CB-4433-A9E8-367E94B5EA9D}"
EndProject
Project("{8BC9CEB8-8B4A-11D0-8D11-00A0C91BC942}") = "ClickMeXAML", "Graphics\Samples\BlankApp\BlankApp1\BlankApp1.vcxproj", "{C833B649-3ECE-4403-8956-6A8789DB40E8}"
EndProject
Project("{8BC9CEB8-8B4A-11D0-8D11-00A0C91BC942}") = "HexagonWired", "Graphics\Samples\Cube\simple3Dobjects\Cube.vcxproj", "{EF54A60E-2B27-40D5-ACC9-32ED8BB487AB}"
EndProject
Project("{8BC9CEB8-8B4A-11D0-8D11-00A0C91BC942}") = "CubeWired", "Graphics\Samples\CubeWired\WiredCube\WiredCube.vcxproj", "{70127FF8-CCD5-4266-B880-3459F1637DCF}"
EndProject
Project("{8BC9CEB8-8B4A-11D0-8D11-00A0C91BC942}") = "Terrain", "Graphics\Samples\Terrain\DX12Terrain\DX12Terrain.vcxproj", "{6FD8C833-FB6D-447C-935A-A97FA6762C63}"
EndProject
Project("{8BC9CEB8-8B4A-11D0-8D11-00A0C91BC942}") = "BodyNGravity", "Graphics\Samples\D3D12nBodyGravity\src\D3D12nBodyGravity.vcxproj", "{F4E2528B-10FB-46BD-8148-77824750EFF9}"
EndProject
Global
	GlobalSection(SolutionConfigurationPlatforms) = preSolution
		Debug|ARM = Debug|ARM
		Debug|ARM64 = Debug|ARM64
		Debug|x64 = Debug|x64
		Debug|x86 = Debug|x86
		Release|ARM = Release|ARM
		Release|ARM64 = Release|ARM64
		Release|x64 = Release|x64
		Release|x86 = Release|x86
	EndGlobalSection
	GlobalSection(ProjectConfigurationPlatforms) = postSolution
		{39D6898C-B2CB-4433-A9E8-367E94B5EA9D}.Debug|ARM.ActiveCfg = Debug|ARM
		{39D6898C-B2CB-4433-A9E8-367E94B5EA9D}.Debug|ARM.Build.0 = Debug|ARM
		{39D6898C-B2CB-4433-A9E8-367E94B5EA9D}.Debug|ARM.Deploy.0 = Debug|ARM
		{39D6898C-B2CB-4433-A9E8-367E94B5EA9D}.Debug|ARM64.ActiveCfg = Debug|ARM64
		{39D6898C-B2CB-4433-A9E8-367E94B5EA9D}.Debug|ARM64.Build.0 = Debug|ARM64
		{39D6898C-B2CB-4433-A9E8-367E94B5EA9D}.Debug|ARM64.Deploy.0 = Debug|ARM64
		{39D6898C-B2CB-4433-A9E8-367E94B5EA9D}.Debug|x64.ActiveCfg = Debug|x64
		{39D6898C-B2CB-4433-A9E8-367E94B5EA9D}.Debug|x64.Build.0 = Debug|x64
		{39D6898C-B2CB-4433-A9E8-367E94B5EA9D}.Debug|x64.Deploy.0 = Debug|x64
		{39D6898C-B2CB-4433-A9E8-367E94B5EA9D}.Debug|x86.ActiveCfg = Debug|Win32
		{39D6898C-B2CB-4433-A9E8-367E94B5EA9D}.Debug|x86.Build.0 = Debug|Win32
		{39D6898C-B2CB-4433-A9E8-367E94B5EA9D}.Debug|x86.Deploy.0 = Debug|Win32
		{39D6898C-B2CB-4433-A9E8-367E94B5EA9D}.Release|ARM.ActiveCfg = Release|ARM
		{39D6898C-B2CB-4433-A9E8-367E94B5EA9D}.Release|ARM.Build.0 = Release|ARM
		{39D6898C-B2CB-4433-A9E8-367E94B5EA9D}.Release|ARM.Deploy.0 = Release|ARM
		{39D6898C-B2CB-4433-A9E8-367E94B5EA9D}.Release|ARM64.ActiveCfg = Release|ARM64
		{39D6898C-B2CB-4433-A9E8-367E94B5EA9D}.Release|ARM64.Build.0 = Release|ARM64
		{39D6898C-B2CB-4433-A9E8-367E94B5EA9D}.Release|ARM64.Deploy.0 = Release|ARM64
		{39D6898C-B2CB-4433-A9E8-367E94B5EA9D}.Release|x64.ActiveCfg = Release|x64
		{39D6898C-B2CB-4433-A9E8-367E94B5EA9D}.Release|x64.Build.0 = Release|x64
		{39D6898C-B2CB-4433-A9E8-367E94B5EA9D}.Release|x64.Deploy.0 = Release|x64
		{39D6898C-B2CB-4433-A9E8-367E94B5EA9D}.Release|x86.ActiveCfg = Release|Win32
		{39D6898C-B2CB-4433-A9E8-367E94B5EA9D}.Release|x86.Build.0 = Release|Win32
		{39D6898C-B2CB-4433-A9E8-367E94B5EA9D}.Release|x86.Deploy.0 = Release|Win32
		{C833B649-3ECE-4403-8956-6A8789DB40E8}.Debug|ARM.ActiveCfg = Debug|ARM
		{C833B649-3ECE-4403-8956-6A8789DB40E8}.Debug|ARM.Build.0 = Debug|ARM
		{C833B649-3ECE-4403-8956-6A8789DB40E8}.Debug|ARM.Deploy.0 = Debug|ARM
		{C833B649-3ECE-4403-8956-6A8789DB40E8}.Debug|ARM64.ActiveCfg = Debug|ARM64
		{C833B649-3ECE-4403-8956-6A8789DB40E8}.Debug|ARM64.Build.0 = Debug|ARM64
		{C833B649-3ECE-4403-8956-6A8789DB40E8}.Debug|ARM64.Deploy.0 = Debug|ARM64
		{C833B649-3ECE-4403-8956-6A8789DB40E8}.Debug|x64.ActiveCfg = Debug|x64
		{C833B649-3ECE-4403-8956-6A8789DB40E8}.Debug|x64.Build.0 = Debug|x64
		{C833B649-3ECE-4403-8956-6A8789DB40E8}.Debug|x64.Deploy.0 = Debug|x64
		{C833B649-3ECE-4403-8956-6A8789DB40E8}.Debug|x86.ActiveCfg = Debug|Win32
		{C833B649-3ECE-4403-8956-6A8789DB40E8}.Debug|x86.Build.0 = Debug|Win32
		{C833B649-3ECE-4403-8956-6A8789DB40E8}.Debug|x86.Deploy.0 = Debug|Win32
		{C833B649-3ECE-4403-8956-6A8789DB40E8}.Release|ARM.ActiveCfg = Release|ARM
		{C833B649-3ECE-4403-8956-6A8789DB40E8}.Release|ARM.Build.0 = Release|ARM
		{C833B649-3ECE-4403-8956-6A8789DB40E8}.Release|ARM.Deploy.0 = Release|ARM
		{C833B649-3ECE-4403-8956-6A8789DB40E8}.Release|ARM64.ActiveCfg = Release|ARM64
		{C833B649-3ECE-4403-8956-6A8789DB40E8}.Release|ARM64.Build.0 = Release|ARM64
		{C833B649-3ECE-4403-8956-6A8789DB40E8}.Release|ARM64.Deploy.0 = Release|ARM64
		{C833B649-3ECE-4403-8956-6A8789DB40E8}.Release|x64.ActiveCfg = Release|x64
		{C833B649-3ECE-4403-8956-6A8789DB40E8}.Release|x64.Build.0 = Release|x64
		{C833B649-3ECE-4403-8956-6A8789DB40E8}.Release|x64.Deploy.0 = Release|x64
		{C833B649-3ECE-4403-8956-6A8789DB40E8}.Release|x86.ActiveCfg = Release|Win32
		{C833B649-3ECE-4403-8956-6A8789DB40E8}.Release|x86.Build.0 = Release|Win32
		{C833B649-3ECE-4403-8956-6A8789DB40E8}.Release|x86.Deploy.0 = Release|Win32
		{EF54A60E-2B27-40D5-ACC9-32ED8BB487AB}.Debug|ARM.ActiveCfg = Debug|ARM
		{EF54A60E-2B27-40D5-ACC9-32ED8BB487AB}.Debug|ARM.Build.0 = Debug|ARM
		{EF54A60E-2B27-40D5-ACC9-32ED8BB487AB}.Debug|ARM.Deploy.0 = Debug|ARM
		{EF54A60E-2B27-40D5-ACC9-32ED8BB487AB}.Debug|ARM64.ActiveCfg = Debug|ARM64
		{EF54A60E-2B27-40D5-ACC9-32ED8BB487AB}.Debug|ARM64.Build.0 = Debug|ARM64
		{EF54A60E-2B27-40D5-ACC9-32ED8BB487AB}.Debug|ARM64.Deploy.0 = Debug|ARM64
		{EF54A60E-2B27-40D5-ACC9-32ED8BB487AB}.Debug|x64.ActiveCfg = Debug|x64
		{EF54A60E-2B27-40D5-ACC9-32ED8BB487AB}.Debug|x64.Build.0 = Debug|x64
		{EF54A60E-2B27-40D5-ACC9-32ED8BB487AB}.Debug|x64.Deploy.0 = Debug|x64
		{EF54A60E-2B27-40D5-ACC9-32ED8BB487AB}.Debug|x86.ActiveCfg = Debug|Win32
		{EF54A60E-2B27-40D5-ACC9-32ED8BB487AB}.Debug|x86.Build.0 = Debug|Win32
		{EF54A60E-2B27-40D5-ACC9-32ED8BB487AB}.Debug|x86.Deploy.0 = Debug|Win32
		{EF54A60E-2B27-40D5-ACC9-32ED8BB487AB}.Release|ARM.ActiveCfg = Release|ARM
		{EF54A60E-2B27-40D5-ACC9-32ED8BB487AB}.Release|ARM.Build.0 = Release|ARM
		{EF54A60E-2B27-40D5-ACC9-32ED8BB487AB}.Release|ARM.Deploy.0 = Release|ARM
		{EF54A60E-2B27-40D5-ACC9-32ED8BB487AB}.Release|ARM64.ActiveCfg = Release|ARM64
		{EF54A60E-2B27-40D5-ACC9-32ED8BB487AB}.Release|ARM64.Build.0 = Release|ARM64
		{EF54A60E-2B27-40D5-ACC9-32ED8BB487AB}.Release|ARM64.Deploy.0 = Release|ARM64
		{EF54A60E-2B27-40D5-ACC9-32ED8BB487AB}.Release|x64.ActiveCfg = Release|x64
		{EF54A60E-2B27-40D5-ACC9-32ED8BB487AB}.Release|x64.Build.0 = Release|x64
		{EF54A60E-2B27-40D5-ACC9-32ED8BB487AB}.Release|x64.Deploy.0 = Release|x64
		{EF54A60E-2B27-40D5-ACC9-32ED8BB487AB}.Release|x86.ActiveCfg = Release|Win32
		{EF54A60E-2B27-40D5-ACC9-32ED8BB487AB}.Release|x86.Build.0 = Release|Win32
		{EF54A60E-2B27-40D5-ACC9-32ED8BB487AB}.Release|x86.Deploy.0 = Release|Win32
		{70127FF8-CCD5-4266-B880-3459F1637DCF}.Debug|ARM.ActiveCfg = Debug|ARM
		{70127FF8-CCD5-4266-B880-3459F1637DCF}.Debug|ARM.Build.0 = Debug|ARM
		{70127FF8-CCD5-4266-B880-3459F1637DCF}.Debug|ARM.Deploy.0 = Debug|ARM
		{70127FF8-CCD5-4266-B880-3459F1637DCF}.Debug|ARM64.ActiveCfg = Debug|ARM64
		{70127FF8-CCD5-4266-B880-3459F1637DCF}.Debug|ARM64.Build.0 = Debug|ARM64
		{70127FF8-CCD5-4266-B880-3459F1637DCF}.Debug|ARM64.Deploy.0 = Debug|ARM64
		{70127FF8-CCD5-4266-B880-3459F1637DCF}.Debug|x64.ActiveCfg = Debug|x64
		{70127FF8-CCD5-4266-B880-3459F1637DCF}.Debug|x64.Build.0 = Debug|x64
		{70127FF8-CCD5-4266-B880-3459F1637DCF}.Debug|x64.Deploy.0 = Debug|x64
		{70127FF8-CCD5-4266-B880-3459F1637DCF}.Debug|x86.ActiveCfg = Debug|Win32
		{70127FF8-CCD5-4266-B880-3459F1637DCF}.Debug|x86.Build.0 = Debug|Win32
		{70127FF8-CCD5-4266-B880-3459F1637DCF}.Debug|x86.Deploy.0 = Debug|Win32
		{70127FF8-CCD5-4266-B880-3459F1637DCF}.Release|ARM.ActiveCfg = Release|ARM
		{70127FF8-CCD5-4266-B880-3459F1637DCF}.Release|ARM.Build.0 = Release|ARM
		{70127FF8-CCD5-4266-B880-3459F1637DCF}.Release|ARM.Deploy.0 = Release|ARM
		{70127FF8-CCD5-4266-B880-3459F1637DCF}.Release|ARM64.ActiveCfg = Release|ARM64
		{70127FF8-CCD5-4266-B880-3459F1637DCF}.Release|ARM64.Build.0 = Release|ARM64
		{70127FF8-CCD5-4266-B880-3459F1637DCF}.Release|ARM64.Deploy.0 = Release|ARM64
		{70127FF8-CCD5-4266-B880-3459F1637DCF}.Release|x64.ActiveCfg = Release|x64
		{70127FF8-CCD5-4266-B880-3459F1637DCF}.Release|x64.Build.0 = Release|x64
		{70127FF8-CCD5-4266-B880-3459F1637DCF}.Release|x64.Deploy.0 = Release|x64
		{70127FF8-CCD5-4266-B880-3459F1637DCF}.Release|x86.ActiveCfg = Release|Win32
		{70127FF8-CCD5-4266-B880-3459F1637DCF}.Release|x86.Build.0 = Release|Win32
		{70127FF8-CCD5-4266-B880-3459F1637DCF}.Release|x86.Deploy.0 = Release|Win32
		{6FD8C833-FB6D-447C-935A-A97FA6762C63}.Debug|ARM.ActiveCfg = Debug|ARM
		{6FD8C833-FB6D-447C-935A-A97FA6762C63}.Debug|ARM.Build.0 = Debug|ARM
		{6FD8C833-FB6D-447C-935A-A97FA6762C63}.Debug|ARM.Deploy.0 = Debug|ARM
		{6FD8C833-FB6D-447C-935A-A97FA6762C63}.Debug|ARM64.ActiveCfg = Debug|ARM64
		{6FD8C833-FB6D-447C-935A-A97FA6762C63}.Debug|ARM64.Build.0 = Debug|ARM64
		{6FD8C833-FB6D-447C-935A-A97FA6762C63}.Debug|ARM64.Deploy.0 = Debug|ARM64
		{6FD8C833-FB6D-447C-935A-A97FA6762C63}.Debug|x64.ActiveCfg = Debug|x64
		{6FD8C833-FB6D-447C-935A-A97FA6762C63}.Debug|x64.Build.0 = Debug|x64
		{6FD8C833-FB6D-447C-935A-A97FA6762C63}.Debug|x64.Deploy.0 = Debug|x64
		{6FD8C833-FB6D-447C-935A-A97FA6762C63}.Debug|x86.ActiveCfg = Debug|Win32
		{6FD8C833-FB6D-447C-935A-A97FA6762C63}.Debug|x86.Build.0 = Debug|Win32
		{6FD8C833-FB6D-447C-935A-A97FA6762C63}.Debug|x86.Deploy.0 = Debug|Win32
		{6FD8C833-FB6D-447C-935A-A97FA6762C63}.Release|ARM.ActiveCfg = Release|ARM
		{6FD8C833-FB6D-447C-935A-A97FA6762C63}.Release|ARM.Build.0 = Release|ARM
		{6FD8C833-FB6D-447C-935A-A97FA6762C63}.Release|ARM.Deploy.0 = Release|ARM
		{6FD8C833-FB6D-447C-935A-A97FA6762C63}.Release|ARM64.ActiveCfg = Release|ARM64
		{6FD8C833-FB6D-447C-935A-A97FA6762C63}.Release|ARM64.Build.0 = Release|ARM64
		{6FD8C833-FB6D-447C-935A-A97FA6762C63}.Release|ARM64.Deploy.0 = Release|ARM64
		{6FD8C833-FB6D-447C-935A-A97FA6762C63}.Release|x64.ActiveCfg = Release|x64
		{6FD8C833-FB6D-447C-935A-A97FA6762C63}.Release|x64.Build.0 = Release|x64
		{6FD8C833-FB6D-447C-935A-A97FA6762C63}.Release|x64.Deploy.0 = Release|x64
		{6FD8C833-FB6D-447C-935A-A97FA6762C63}.Release|x86.ActiveCfg = Release|Win32
		{6FD8C833-FB6D-447C-935A-A97FA6762C63}.Release|x86.Build.0 = Release|Win32
		{6FD8C833-FB6D-447C-935A-A97FA6762C63}.Release|x86.Deploy.0 = Release|Win32
		{F4E2528B-10FB-46BD-8148-77824750EFF9}.Debug|ARM.ActiveCfg = Debug|ARM
		{F4E2528B-10FB-46BD-8148-77824750EFF9}.Debug|ARM.Build.0 = Debug|ARM
		{F4E2528B-10FB-46BD-8148-77824750EFF9}.Debug|ARM.Deploy.0 = Debug|ARM
		{F4E2528B-10FB-46BD-8148-77824750EFF9}.Debug|ARM64.ActiveCfg = Debug|x64
		{F4E2528B-10FB-46BD-8148-77824750EFF9}.Debug|ARM64.Build.0 = Debug|x64
		{F4E2528B-10FB-46BD-8148-77824750EFF9}.Debug|ARM64.Deploy.0 = Debug|x64
		{F4E2528B-10FB-46BD-8148-77824750EFF9}.Debug|x64.ActiveCfg = Debug|x64
		{F4E2528B-10FB-46BD-8148-77824750EFF9}.Debug|x64.Build.0 = Debug|x64
		{F4E2528B-10FB-46BD-8148-77824750EFF9}.Debug|x64.Deploy.0 = Debug|x64
		{F4E2528B-10FB-46BD-8148-77824750EFF9}.Debug|x86.ActiveCfg = Debug|Win32
		{F4E2528B-10FB-46BD-8148-77824750EFF9}.Debug|x86.Build.0 = Debug|Win32
		{F4E2528B-10FB-46BD-8148-77824750EFF9}.Debug|x86.Deploy.0 = Debug|Win32
		{F4E2528B-10FB-46BD-8148-77824750EFF9}.Release|ARM.ActiveCfg = Release|ARM
		{F4E2528B-10FB-46BD-8148-77824750EFF9}.Release|ARM.Build.0 = Release|ARM
		{F4E2528B-10FB-46BD-8148-77824750EFF9}.Release|ARM.Deploy.0 = Release|ARM
		{F4E2528B-10FB-46BD-8148-77824750EFF9}.Release|ARM64.ActiveCfg = Release|x64
		{F4E2528B-10FB-46BD-8148-77824750EFF9}.Release|ARM64.Build.0 = Release|x64
		{F4E2528B-10FB-46BD-8148-77824750EFF9}.Release|ARM64.Deploy.0 = Release|x64
		{F4E2528B-10FB-46BD-8148-77824750EFF9}.Release|x64.ActiveCfg = Release|x64
		{F4E2528B-10FB-46BD-8148-77824750EFF9}.Release|x64.Build.0 = Release|x64
		{F4E2528B-10FB-46BD-8148-77824750EFF9}.Release|x64.Deploy.0 = Release|x64
		{F4E2528B-10FB-46BD-8148-77824750EFF9}.Release|x86.ActiveCfg = Release|Win32
		{F4E2528B-10FB-46BD-8148-77824750EFF9}.Release|x86.Build.0 = Release|Win32
		{F4E2528B-10FB-46BD-8148-77824750EFF9}.Release|x86.Deploy.0 = Release|Win32
	EndGlobalSection
	GlobalSection(SolutionProperties) = preSolution
		HideSolutionNode = FALSE
	EndGlobalSection
	GlobalSection(ExtensibilityGlobals) = postSolution
		SolutionGuid = {A9999A43-FF9C-4088-B431-9E5E1815B16F}
	EndGlobalSection
EndGlobal
